// !$*UTF8*$!
{
	archiveVersion = 1;
	classes = {
	};
	objectVersion = 70;
	objects = {

/* Begin PBXBuildFile section */
		4E1487792C834CC100B32D5F /* GoogleService-Info.plist in Resources */ = {isa = PBXBuildFile; fileRef = 4E1487782C834CC100B32D5F /* GoogleService-Info.plist */; };
		4E14877C2C83542A00B32D5F /* FirebaseAnalytics in Frameworks */ = {isa = PBXBuildFile; productRef = 4E14877B2C83542A00B32D5F /* FirebaseAnalytics */; };
		4E14877E2C83542A00B32D5F /* FirebaseRemoteConfig in Frameworks */ = {isa = PBXBuildFile; productRef = 4E14877D2C83542A00B32D5F /* FirebaseRemoteConfig */; };
		4ED02FF12BFA9B650077214E /* FlavorVistaApp.swift in Sources */ = {isa = PBXBuildFile; fileRef = 4ED02FF02BFA9B650077214E /* FlavorVistaApp.swift */; };
		4ED02FF32BFA9B650077214E /* TabBarView.swift in Sources */ = {isa = PBXBuildFile; fileRef = 4ED02FF22BFA9B650077214E /* TabBarView.swift */; };
		4ED02FF82BFA9B670077214E /* Preview Assets.xcassets in Resources */ = {isa = PBXBuildFile; fileRef = 4ED02FF72BFA9B670077214E /* Preview Assets.xcassets */; };
		4ED02FFF2BFA9C540077214E /* AIAnalyticsScreen.swift in Sources */ = {isa = PBXBuildFile; fileRef = 4ED02FFE2BFA9C540077214E /* AIAnalyticsScreen.swift */; };
		4ED030012BFA9C620077214E /* AIAnalyticsViewModel.swift in Sources */ = {isa = PBXBuildFile; fileRef = 4ED030002BFA9C620077214E /* AIAnalyticsViewModel.swift */; };
		4ED030052BFA9C790077214E /* ChatViewModel.swift in Sources */ = {isa = PBXBuildFile; fileRef = 4ED030042BFA9C790077214E /* ChatViewModel.swift */; };
		4ED030072BFA9C830077214E /* DetailedFoodEntryScreen.swift in Sources */ = {isa = PBXBuildFile; fileRef = 4ED030062BFA9C830077214E /* DetailedFoodEntryScreen.swift */; };
		4ED030092BFA9C8D0077214E /* FoodJournalScreen.swift in Sources */ = {isa = PBXBuildFile; fileRef = 4ED030082BFA9C8D0077214E /* FoodJournalScreen.swift */; };
		4ED0300B2BFA9C950077214E /* FoodJournalViewModel.swift in Sources */ = {isa = PBXBuildFile; fileRef = 4ED0300A2BFA9C950077214E /* FoodJournalViewModel.swift */; };
		4ED0300D2BFA9C9D0077214E /* NutriExpertScreen.swift in Sources */ = {isa = PBXBuildFile; fileRef = 4ED0300C2BFA9C9D0077214E /* NutriExpertScreen.swift */; };
		4ED030112BFA9CAC0077214E /* ProfileScreen.swift in Sources */ = {isa = PBXBuildFile; fileRef = 4ED030102BFA9CAC0077214E /* ProfileScreen.swift */; };
		4ED030132BFA9CB30077214E /* ProfileViewModel.swift in Sources */ = {isa = PBXBuildFile; fileRef = 4ED030122BFA9CB30077214E /* ProfileViewModel.swift */; };
		4ED030152BFA9CBA0077214E /* SwiftDataManager.swift in Sources */ = {isa = PBXBuildFile; fileRef = 4ED030142BFA9CBA0077214E /* SwiftDataManager.swift */; };
		4ED030172BFA9CC20077214E /* UserProfile.swift in Sources */ = {isa = PBXBuildFile; fileRef = 4ED030162BFA9CC20077214E /* UserProfile.swift */; };
		4ED0301A2BFA9F050077214E /* FoodEntry.swift in Sources */ = {isa = PBXBuildFile; fileRef = 4ED030192BFA9F050077214E /* FoodEntry.swift */; };
		4ED0301C2BFA9F580077214E /* CameraPreview.swift in Sources */ = {isa = PBXBuildFile; fileRef = 4ED0301B2BFA9F580077214E /* CameraPreview.swift */; };
		4ED0301E2BFA9F780077214E /* CameraViewModel.swift in Sources */ = {isa = PBXBuildFile; fileRef = 4ED0301D2BFA9F780077214E /* CameraViewModel.swift */; };
		4ED030202BFA9F860077214E /* CameraPhotoView.swift in Sources */ = {isa = PBXBuildFile; fileRef = 4ED0301F2BFA9F860077214E /* CameraPhotoView.swift */; };
		4ED030222BFA9FBD0077214E /* ImageHelper.swift in Sources */ = {isa = PBXBuildFile; fileRef = 4ED030212BFA9FBD0077214E /* ImageHelper.swift */; };
		4ED030242BFA9FE40077214E /* CameraScreen.swift in Sources */ = {isa = PBXBuildFile; fileRef = 4ED030232BFA9FE40077214E /* CameraScreen.swift */; };
		8354331C2DDF792600B284DF /* UserModel.swift in Sources */ = {isa = PBXBuildFile; fileRef = 8354331B2DDF792600B284DF /* UserModel.swift */; };
		9F07AFFA2DDD0A370009B7B0 /* SignUpScreen.swift in Sources */ = {isa = PBXBuildFile; fileRef = 9F07AFF92DDD0A290009B7B0 /* SignUpScreen.swift */; };
		9F07AFFD2DDD15080009B7B0 /* HeaderSection.swift in Sources */ = {isa = PBXBuildFile; fileRef = 9F07AFFC2DDD15020009B7B0 /* HeaderSection.swift */; };
		9F07B03F2DDD19220009B7B0 /* SignUpViewModel.swift in Sources */ = {isa = PBXBuildFile; fileRef = 9F07B03E2DDD191E0009B7B0 /* SignUpViewModel.swift */; };
		9FD58B062DDD1ACA009114F2 /* FirebaseAnalyticsOnDeviceConversion in Frameworks */ = {isa = PBXBuildFile; productRef = 9FD58B052DDD1ACA009114F2 /* FirebaseAnalyticsOnDeviceConversion */; };
		9FD58B082DDD1ACA009114F2 /* FirebaseAnalyticsWithoutAdIdSupport in Frameworks */ = {isa = PBXBuildFile; productRef = 9FD58B072DDD1ACA009114F2 /* FirebaseAnalyticsWithoutAdIdSupport */; };
		9FD58B0A2DDD1ACA009114F2 /* FirebaseAppCheck in Frameworks */ = {isa = PBXBuildFile; productRef = 9FD58B092DDD1ACA009114F2 /* FirebaseAppCheck */; };
		9FD58B0C2DDD1ACA009114F2 /* FirebaseAppDistribution-Beta in Frameworks */ = {isa = PBXBuildFile; productRef = 9FD58B0B2DDD1ACA009114F2 /* FirebaseAppDistribution-Beta */; };
		9FD58B0E2DDD1ACA009114F2 /* FirebaseAuth in Frameworks */ = {isa = PBXBuildFile; productRef = 9FD58B0D2DDD1ACA009114F2 /* FirebaseAuth */; };
		9FD58B102DDD1ACA009114F2 /* FirebaseAuthCombine-Community in Frameworks */ = {isa = PBXBuildFile; productRef = 9FD58B0F2DDD1ACA009114F2 /* FirebaseAuthCombine-Community */; };
		9FD58B122DDD1ACA009114F2 /* FirebaseCrashlytics in Frameworks */ = {isa = PBXBuildFile; productRef = 9FD58B112DDD1ACA009114F2 /* FirebaseCrashlytics */; };
		9FD58B142DDD1ACA009114F2 /* FirebaseDatabase in Frameworks */ = {isa = PBXBuildFile; productRef = 9FD58B132DDD1ACA009114F2 /* FirebaseDatabase */; };
		9FD58B162DDD1ACA009114F2 /* FirebaseDynamicLinks in Frameworks */ = {isa = PBXBuildFile; productRef = 9FD58B152DDD1ACA009114F2 /* FirebaseDynamicLinks */; };
		9FD58B182DDD1ACA009114F2 /* FirebaseFirestore in Frameworks */ = {isa = PBXBuildFile; productRef = 9FD58B172DDD1ACA009114F2 /* FirebaseFirestore */; };
		9FD58B1A2DDD1ACA009114F2 /* FirebaseFirestoreCombine-Community in Frameworks */ = {isa = PBXBuildFile; productRef = 9FD58B192DDD1ACA009114F2 /* FirebaseFirestoreCombine-Community */; };
		9FD58B1C2DDD1ACA009114F2 /* FirebaseFunctions in Frameworks */ = {isa = PBXBuildFile; productRef = 9FD58B1B2DDD1ACA009114F2 /* FirebaseFunctions */; };
		9FD58B1E2DDD1ACA009114F2 /* FirebaseFunctionsCombine-Community in Frameworks */ = {isa = PBXBuildFile; productRef = 9FD58B1D2DDD1ACA009114F2 /* FirebaseFunctionsCombine-Community */; };
		9FD58B202DDD1ACA009114F2 /* FirebaseInAppMessaging-Beta in Frameworks */ = {isa = PBXBuildFile; productRef = 9FD58B1F2DDD1ACA009114F2 /* FirebaseInAppMessaging-Beta */; };
		9FD58B222DDD1ACA009114F2 /* FirebaseInstallations in Frameworks */ = {isa = PBXBuildFile; productRef = 9FD58B212DDD1ACA009114F2 /* FirebaseInstallations */; };
		9FD58B242DDD1ACA009114F2 /* FirebaseMLModelDownloader in Frameworks */ = {isa = PBXBuildFile; productRef = 9FD58B232DDD1ACA009114F2 /* FirebaseMLModelDownloader */; };
		9FD58B262DDD1ACA009114F2 /* FirebaseMessaging in Frameworks */ = {isa = PBXBuildFile; productRef = 9FD58B252DDD1ACA009114F2 /* FirebaseMessaging */; };
		9FD58B282DDD1ACA009114F2 /* FirebasePerformance in Frameworks */ = {isa = PBXBuildFile; productRef = 9FD58B272DDD1ACA009114F2 /* FirebasePerformance */; };
		9FD58B2A2DDD1ACA009114F2 /* FirebaseStorage in Frameworks */ = {isa = PBXBuildFile; productRef = 9FD58B292DDD1ACA009114F2 /* FirebaseStorage */; };
		9FD58B2C2DDD1ACA009114F2 /* FirebaseStorageCombine-Community in Frameworks */ = {isa = PBXBuildFile; productRef = 9FD58B2B2DDD1ACA009114F2 /* FirebaseStorageCombine-Community */; };
		9FD58B2E2DDD1ACA009114F2 /* FirebaseVertexAI-Preview in Frameworks */ = {isa = PBXBuildFile; productRef = 9FD58B2D2DDD1ACA009114F2 /* FirebaseVertexAI-Preview */; };
/* End PBXBuildFile section */

/* Begin PBXFileReference section */
		4E1487782C834CC100B32D5F /* GoogleService-Info.plist */ = {isa = PBXFileReference; fileEncoding = 4; lastKnownFileType = text.plist.xml; path = "GoogleService-Info.plist"; sourceTree = "<group>"; };
		4ED02FED2BFA9B650077214E /* FlavorVista.app */ = {isa = PBXFileReference; explicitFileType = wrapper.application; includeInIndex = 0; path = FlavorVista.app; sourceTree = BUILT_PRODUCTS_DIR; };
		4ED02FF02BFA9B650077214E /* FlavorVistaApp.swift */ = {isa = PBXFileReference; lastKnownFileType = sourcecode.swift; path = FlavorVistaApp.swift; sourceTree = "<group>"; };
		4ED02FF22BFA9B650077214E /* TabBarView.swift */ = {isa = PBXFileReference; lastKnownFileType = sourcecode.swift; path = TabBarView.swift; sourceTree = "<group>"; };
		4ED02FF72BFA9B670077214E /* Preview Assets.xcassets */ = {isa = PBXFileReference; lastKnownFileType = folder.assetcatalog; path = "Preview Assets.xcassets"; sourceTree = "<group>"; };
		4ED02FFE2BFA9C540077214E /* AIAnalyticsScreen.swift */ = {isa = PBXFileReference; lastKnownFileType = sourcecode.swift; path = AIAnalyticsScreen.swift; sourceTree = "<group>"; };
		4ED030002BFA9C620077214E /* AIAnalyticsViewModel.swift */ = {isa = PBXFileReference; lastKnownFileType = sourcecode.swift; path = AIAnalyticsViewModel.swift; sourceTree = "<group>"; };
		4ED030042BFA9C790077214E /* ChatViewModel.swift */ = {isa = PBXFileReference; lastKnownFileType = sourcecode.swift; path = ChatViewModel.swift; sourceTree = "<group>"; };
		4ED030062BFA9C830077214E /* DetailedFoodEntryScreen.swift */ = {isa = PBXFileReference; lastKnownFileType = sourcecode.swift; path = DetailedFoodEntryScreen.swift; sourceTree = "<group>"; };
		4ED030082BFA9C8D0077214E /* FoodJournalScreen.swift */ = {isa = PBXFileReference; lastKnownFileType = sourcecode.swift; path = FoodJournalScreen.swift; sourceTree = "<group>"; };
		4ED0300A2BFA9C950077214E /* FoodJournalViewModel.swift */ = {isa = PBXFileReference; lastKnownFileType = sourcecode.swift; path = FoodJournalViewModel.swift; sourceTree = "<group>"; };
		4ED0300C2BFA9C9D0077214E /* NutriExpertScreen.swift */ = {isa = PBXFileReference; lastKnownFileType = sourcecode.swift; path = NutriExpertScreen.swift; sourceTree = "<group>"; };
		4ED030102BFA9CAC0077214E /* ProfileScreen.swift */ = {isa = PBXFileReference; lastKnownFileType = sourcecode.swift; path = ProfileScreen.swift; sourceTree = "<group>"; };
		4ED030122BFA9CB30077214E /* ProfileViewModel.swift */ = {isa = PBXFileReference; lastKnownFileType = sourcecode.swift; path = ProfileViewModel.swift; sourceTree = "<group>"; };
		4ED030142BFA9CBA0077214E /* SwiftDataManager.swift */ = {isa = PBXFileReference; lastKnownFileType = sourcecode.swift; path = SwiftDataManager.swift; sourceTree = "<group>"; };
		4ED030162BFA9CC20077214E /* UserProfile.swift */ = {isa = PBXFileReference; lastKnownFileType = sourcecode.swift; path = UserProfile.swift; sourceTree = "<group>"; };
		4ED030182BFA9EE40077214E /* Info.plist */ = {isa = PBXFileReference; lastKnownFileType = text.plist; path = Info.plist; sourceTree = "<group>"; };
		4ED030192BFA9F050077214E /* FoodEntry.swift */ = {isa = PBXFileReference; lastKnownFileType = sourcecode.swift; path = FoodEntry.swift; sourceTree = "<group>"; };
		4ED0301B2BFA9F580077214E /* CameraPreview.swift */ = {isa = PBXFileReference; lastKnownFileType = sourcecode.swift; path = CameraPreview.swift; sourceTree = "<group>"; };
		4ED0301D2BFA9F780077214E /* CameraViewModel.swift */ = {isa = PBXFileReference; lastKnownFileType = sourcecode.swift; path = CameraViewModel.swift; sourceTree = "<group>"; };
		4ED0301F2BFA9F860077214E /* CameraPhotoView.swift */ = {isa = PBXFileReference; lastKnownFileType = sourcecode.swift; path = CameraPhotoView.swift; sourceTree = "<group>"; };
		4ED030212BFA9FBD0077214E /* ImageHelper.swift */ = {isa = PBXFileReference; lastKnownFileType = sourcecode.swift; path = ImageHelper.swift; sourceTree = "<group>"; };
		4ED030232BFA9FE40077214E /* CameraScreen.swift */ = {isa = PBXFileReference; lastKnownFileType = sourcecode.swift; path = CameraScreen.swift; sourceTree = "<group>"; };
		8354331B2DDF792600B284DF /* UserModel.swift */ = {isa = PBXFileReference; lastKnownFileType = sourcecode.swift; path = UserModel.swift; sourceTree = "<group>"; };
		9F07AFF92DDD0A290009B7B0 /* SignUpScreen.swift */ = {isa = PBXFileReference; lastKnownFileType = sourcecode.swift; path = SignUpScreen.swift; sourceTree = "<group>"; };
		9F07AFFC2DDD15020009B7B0 /* HeaderSection.swift */ = {isa = PBXFileReference; lastKnownFileType = sourcecode.swift; path = HeaderSection.swift; sourceTree = "<group>"; };
		9F07B03E2DDD191E0009B7B0 /* SignUpViewModel.swift */ = {isa = PBXFileReference; lastKnownFileType = sourcecode.swift; path = SignUpViewModel.swift; sourceTree = "<group>"; };
/* End PBXFileReference section */

/* Begin PBXFileSystemSynchronizedRootGroup section */
		8354330F2DDF73E100B284DF /* Services */ = {isa = PBXFileSystemSynchronizedRootGroup; explicitFileTypes = {}; explicitFolders = (); path = Services; sourceTree = "<group>"; };
		83E37B7A2DDBB39400B10530 /* Login */ = {isa = PBXFileSystemSynchronizedRootGroup; explicitFileTypes = {}; explicitFolders = (); path = Login; sourceTree = "<group>"; };
		83E37B7E2DDBB3D600B10530 /* SharedComponents */ = {isa = PBXFileSystemSynchronizedRootGroup; explicitFileTypes = {}; explicitFolders = (); path = SharedComponents; sourceTree = "<group>"; };
		83E37B832DDBD67100B10530 /* Resources */ = {isa = PBXFileSystemSynchronizedRootGroup; explicitFileTypes = {}; explicitFolders = (); path = Resources; sourceTree = "<group>"; };
		83E37B912DDBD89300B10530 /* Extensions */ = {isa = PBXFileSystemSynchronizedRootGroup; explicitFileTypes = {}; explicitFolders = (); path = Extensions; sourceTree = "<group>"; };
/* End PBXFileSystemSynchronizedRootGroup section */

/* Begin PBXFrameworksBuildPhase section */
		4ED02FEA2BFA9B650077214E /* Frameworks */ = {
			isa = PBXFrameworksBuildPhase;
			buildActionMask = 2147483647;
			files = (
				9FD58B2C2DDD1ACA009114F2 /* FirebaseStorageCombine-Community in Frameworks */,
				9FD58B1A2DDD1ACA009114F2 /* FirebaseFirestoreCombine-Community in Frameworks */,
				9FD58B1C2DDD1ACA009114F2 /* FirebaseFunctions in Frameworks */,
				9FD58B282DDD1ACA009114F2 /* FirebasePerformance in Frameworks */,
				9FD58B142DDD1ACA009114F2 /* FirebaseDatabase in Frameworks */,
				9FD58B162DDD1ACA009114F2 /* FirebaseDynamicLinks in Frameworks */,
				4E14877C2C83542A00B32D5F /* FirebaseAnalytics in Frameworks */,
				9FD58B062DDD1ACA009114F2 /* FirebaseAnalyticsOnDeviceConversion in Frameworks */,
				4E14877E2C83542A00B32D5F /* FirebaseRemoteConfig in Frameworks */,
				9FD58B182DDD1ACA009114F2 /* FirebaseFirestore in Frameworks */,
				9FD58B262DDD1ACA009114F2 /* FirebaseMessaging in Frameworks */,
				9FD58B222DDD1ACA009114F2 /* FirebaseInstallations in Frameworks */,
				9FD58B2A2DDD1ACA009114F2 /* FirebaseStorage in Frameworks */,
				9FD58B1E2DDD1ACA009114F2 /* FirebaseFunctionsCombine-Community in Frameworks */,
				9FD58B0A2DDD1ACA009114F2 /* FirebaseAppCheck in Frameworks */,
				9FD58B082DDD1ACA009114F2 /* FirebaseAnalyticsWithoutAdIdSupport in Frameworks */,
				9FD58B202DDD1ACA009114F2 /* FirebaseInAppMessaging-Beta in Frameworks */,
				9FD58B0E2DDD1ACA009114F2 /* FirebaseAuth in Frameworks */,
				9FD58B122DDD1ACA009114F2 /* FirebaseCrashlytics in Frameworks */,
				9FD58B242DDD1ACA009114F2 /* FirebaseMLModelDownloader in Frameworks */,
				9FD58B0C2DDD1ACA009114F2 /* FirebaseAppDistribution-Beta in Frameworks */,
				9FD58B2E2DDD1ACA009114F2 /* FirebaseVertexAI-Preview in Frameworks */,
				9FD58B102DDD1ACA009114F2 /* FirebaseAuthCombine-Community in Frameworks */,
			);
			runOnlyForDeploymentPostprocessing = 0;
		};
/* End PBXFrameworksBuildPhase section */

/* Begin PBXGroup section */
		4E95A7132C51FC2900CA8D02 /* ViewModels */ = {
			isa = PBXGroup;
			children = (
				4ED030002BFA9C620077214E /* AIAnalyticsViewModel.swift */,
			);
			path = ViewModels;
			sourceTree = "<group>";
		};
		4E95A7152C51FC7F00CA8D02 /* Models */ = {
			isa = PBXGroup;
			children = (
				4ED030212BFA9FBD0077214E /* ImageHelper.swift */,
				4ED030162BFA9CC20077214E /* UserProfile.swift */,
				4ED030142BFA9CBA0077214E /* SwiftDataManager.swift */,
				4ED030192BFA9F050077214E /* FoodEntry.swift */,
				8354331B2DDF792600B284DF /* UserModel.swift */,
			);
			path = Models;
			sourceTree = "<group>";
		};
		4ED02FE42BFA9B650077214E = {
			isa = PBXGroup;
			children = (
				4ED02FEF2BFA9B650077214E /* FlavorVista */,
				4ED02FEE2BFA9B650077214E /* Products */,
			);
			sourceTree = "<group>";
		};
		4ED02FEE2BFA9B650077214E /* Products */ = {
			isa = PBXGroup;
			children = (
				4ED02FED2BFA9B650077214E /* FlavorVista.app */,
			);
			name = Products;
			sourceTree = "<group>";
		};
		4ED02FEF2BFA9B650077214E /* FlavorVista */ = {
			isa = PBXGroup;
			children = (
				8354330F2DDF73E100B284DF /* Services */,
				4ED030182BFA9EE40077214E /* Info.plist */,
				9F07AF902DD2559D0009B7B0 /* Base */,
				83E37B912DDBD89300B10530 /* Extensions */,
				9F07AF8F2DD2557F0009B7B0 /* Screens */,
				83E37B7E2DDBB3D600B10530 /* SharedComponents */,
				4E95A7132C51FC2900CA8D02 /* ViewModels */,
				4E95A7152C51FC7F00CA8D02 /* Models */,
				4E1487782C834CC100B32D5F /* GoogleService-Info.plist */,
				4ED02FF62BFA9B670077214E /* Preview Content */,
				83E37B832DDBD67100B10530 /* Resources */,
			);
			path = FlavorVista;
			sourceTree = "<group>";
		};
		4ED02FF62BFA9B670077214E /* Preview Content */ = {
			isa = PBXGroup;
			children = (
				4ED02FF72BFA9B670077214E /* Preview Assets.xcassets */,
			);
			path = "Preview Content";
			sourceTree = "<group>";
		};
		9F07AF8F2DD2557F0009B7B0 /* Screens */ = {
			isa = PBXGroup;
			children = (
				9F07AFF82DDD0A1C0009B7B0 /* SignUp */,
				83E37B7A2DDBB39400B10530 /* Login */,
				9F07AF912DD256050009B7B0 /* FoodJournal */,
				9F07AF922DD256430009B7B0 /* AIAnalytics */,
				9F07AF952DD256F60009B7B0 /* Camera */,
				9F07AF932DD2569C0009B7B0 /* NutriExpert */,
				9F07AF942DD256DC0009B7B0 /* Profile */,
			);
			path = Screens;
			sourceTree = "<group>";
		};
		9F07AF902DD2559D0009B7B0 /* Base */ = {
			isa = PBXGroup;
			children = (
				4ED02FF02BFA9B650077214E /* FlavorVistaApp.swift */,
				4ED02FF22BFA9B650077214E /* TabBarView.swift */,
			);
			path = Base;
			sourceTree = "<group>";
		};
		9F07AF912DD256050009B7B0 /* FoodJournal */ = {
			isa = PBXGroup;
			children = (
				4ED030082BFA9C8D0077214E /* FoodJournalScreen.swift */,
				4ED0300A2BFA9C950077214E /* FoodJournalViewModel.swift */,
				9F07AF972DD257960009B7B0 /* Views */,
			);
			path = FoodJournal;
			sourceTree = "<group>";
		};
		9F07AF922DD256430009B7B0 /* AIAnalytics */ = {
			isa = PBXGroup;
			children = (
				4ED02FFE2BFA9C540077214E /* AIAnalyticsScreen.swift */,
			);
			path = AIAnalytics;
			sourceTree = "<group>";
		};
		9F07AF932DD2569C0009B7B0 /* NutriExpert */ = {
			isa = PBXGroup;
			children = (
				4ED0300C2BFA9C9D0077214E /* NutriExpertScreen.swift */,
				4ED030042BFA9C790077214E /* ChatViewModel.swift */,
			);
			path = NutriExpert;
			sourceTree = "<group>";
		};
		9F07AF942DD256DC0009B7B0 /* Profile */ = {
			isa = PBXGroup;
			children = (
				4ED030102BFA9CAC0077214E /* ProfileScreen.swift */,
				4ED030122BFA9CB30077214E /* ProfileViewModel.swift */,
			);
			path = Profile;
			sourceTree = "<group>";
		};
		9F07AF952DD256F60009B7B0 /* Camera */ = {
			isa = PBXGroup;
			children = (
				4ED030232BFA9FE40077214E /* CameraScreen.swift */,
				4ED0301D2BFA9F780077214E /* CameraViewModel.swift */,
				9F07AF962DD2575E0009B7B0 /* Views */,
			);
			path = Camera;
			sourceTree = "<group>";
		};
		9F07AF962DD2575E0009B7B0 /* Views */ = {
			isa = PBXGroup;
			children = (
				4ED0301F2BFA9F860077214E /* CameraPhotoView.swift */,
				4ED0301B2BFA9F580077214E /* CameraPreview.swift */,
			);
			path = Views;
			sourceTree = "<group>";
		};
		9F07AF972DD257960009B7B0 /* Views */ = {
			isa = PBXGroup;
			children = (
				4ED030062BFA9C830077214E /* DetailedFoodEntryScreen.swift */,
			);
			path = Views;
			sourceTree = "<group>";
		};
		9F07AFF82DDD0A1C0009B7B0 /* SignUp */ = {
			isa = PBXGroup;
			children = (
				9F07AFFB2DDD14FA0009B7B0 /* Views */,
				9F07AFF92DDD0A290009B7B0 /* SignUpScreen.swift */,
				9F07B03E2DDD191E0009B7B0 /* SignUpViewModel.swift */,
			);
			path = SignUp;
			sourceTree = "<group>";
		};
		9F07AFFB2DDD14FA0009B7B0 /* Views */ = {
			isa = PBXGroup;
			children = (
				9F07AFFC2DDD15020009B7B0 /* HeaderSection.swift */,
			);
			path = Views;
			sourceTree = "<group>";
		};
/* End PBXGroup section */

/* Begin PBXNativeTarget section */
		4ED02FEC2BFA9B650077214E /* FlavorVista */ = {
			isa = PBXNativeTarget;
			buildConfigurationList = 4ED02FFB2BFA9B670077214E /* Build configuration list for PBXNativeTarget "FlavorVista" */;
			buildPhases = (
				4ED02FE92BFA9B650077214E /* Sources */,
				4ED02FEA2BFA9B650077214E /* Frameworks */,
				4ED02FEB2BFA9B650077214E /* Resources */,
				0DDC29332DF59B41008CEDB7 /* ShellScript */,
			);
			buildRules = (
			);
			dependencies = (
			);
			fileSystemSynchronizedGroups = (
				8354330F2DDF73E100B284DF /* Services */,
				83E37B7A2DDBB39400B10530 /* Login */,
				83E37B7E2DDBB3D600B10530 /* SharedComponents */,
				83E37B832DDBD67100B10530 /* Resources */,
				83E37B912DDBD89300B10530 /* Extensions */,
			);
			name = FlavorVista;
			packageProductDependencies = (
				4E14877B2C83542A00B32D5F /* FirebaseAnalytics */,
				4E14877D2C83542A00B32D5F /* FirebaseRemoteConfig */,
				9FD58B052DDD1ACA009114F2 /* FirebaseAnalyticsOnDeviceConversion */,
				9FD58B072DDD1ACA009114F2 /* FirebaseAnalyticsWithoutAdIdSupport */,
				9FD58B092DDD1ACA009114F2 /* FirebaseAppCheck */,
				9FD58B0B2DDD1ACA009114F2 /* FirebaseAppDistribution-Beta */,
				9FD58B0D2DDD1ACA009114F2 /* FirebaseAuth */,
				9FD58B0F2DDD1ACA009114F2 /* FirebaseAuthCombine-Community */,
				9FD58B112DDD1ACA009114F2 /* FirebaseCrashlytics */,
				9FD58B132DDD1ACA009114F2 /* FirebaseDatabase */,
				9FD58B152DDD1ACA009114F2 /* FirebaseDynamicLinks */,
				9FD58B172DDD1ACA009114F2 /* FirebaseFirestore */,
				9FD58B192DDD1ACA009114F2 /* FirebaseFirestoreCombine-Community */,
				9FD58B1B2DDD1ACA009114F2 /* FirebaseFunctions */,
				9FD58B1D2DDD1ACA009114F2 /* FirebaseFunctionsCombine-Community */,
				9FD58B1F2DDD1ACA009114F2 /* FirebaseInAppMessaging-Beta */,
				9FD58B212DDD1ACA009114F2 /* FirebaseInstallations */,
				9FD58B232DDD1ACA009114F2 /* FirebaseMLModelDownloader */,
				9FD58B252DDD1ACA009114F2 /* FirebaseMessaging */,
				9FD58B272DDD1ACA009114F2 /* FirebasePerformance */,
				9FD58B292DDD1ACA009114F2 /* FirebaseStorage */,
				9FD58B2B2DDD1ACA009114F2 /* FirebaseStorageCombine-Community */,
				9FD58B2D2DDD1ACA009114F2 /* FirebaseVertexAI-Preview */,
			);
			productName = FlavorVista;
			productReference = 4ED02FED2BFA9B650077214E /* FlavorVista.app */;
			productType = "com.apple.product-type.application";
		};
/* End PBXNativeTarget section */

/* Begin PBXProject section */
		4ED02FE52BFA9B650077214E /* Project object */ = {
			isa = PBXProject;
			attributes = {
				BuildIndependentTargetsInParallel = 1;
				LastSwiftUpdateCheck = 1540;
				LastUpgradeCheck = 1630;
				TargetAttributes = {
					4ED02FEC2BFA9B650077214E = {
						CreatedOnToolsVersion = 15.4;
					};
				};
			};
			buildConfigurationList = 4ED02FE82BFA9B650077214E /* Build configuration list for PBXProject "FlavorVista" */;
			compatibilityVersion = "Xcode 14.0";
			developmentRegion = en;
			hasScannedForEncodings = 0;
			knownRegions = (
				en,
				Base,
			);
			mainGroup = 4ED02FE42BFA9B650077214E;
			packageReferences = (
				4E14877A2C83542900B32D5F /* XCRemoteSwiftPackageReference "firebase-ios-sdk" */,
			);
			productRefGroup = 4ED02FEE2BFA9B650077214E /* Products */;
			projectDirPath = "";
			projectRoot = "";
			targets = (
				4ED02FEC2BFA9B650077214E /* FlavorVista */,
			);
		};
/* End PBXProject section */

/* Begin PBXResourcesBuildPhase section */
		4ED02FEB2BFA9B650077214E /* Resources */ = {
			isa = PBXResourcesBuildPhase;
			buildActionMask = 2147483647;
			files = (
				4ED02FF82BFA9B670077214E /* Preview Assets.xcassets in Resources */,
				4E1487792C834CC100B32D5F /* GoogleService-Info.plist in Resources */,
			);
			runOnlyForDeploymentPostprocessing = 0;
		};
/* End PBXResourcesBuildPhase section */

/* Begin PBXShellScriptBuildPhase section */
		0DDC29332DF59B41008CEDB7 /* ShellScript */ = {
			isa = PBXShellScriptBuildPhase;
			buildActionMask = 2147483647;
			files = (
			);
			inputFileListPaths = (
			);
			inputPaths = (
				"${DWARF_DSYM_FOLDER_PATH}/${DWARF_DSYM_FILE_NAME}",
				"${DWARF_DSYM_FOLDER_PATH}/${DWARF_DSYM_FILE_NAME}/Contents/Resources/DWARF/${PRODUCT_NAME}",
				"${DWARF_DSYM_FOLDER_PATH}/${DWARF_DSYM_FILE_NAME}/Contents/Info.plist",
				"$(TARGET_BUILD_DIR)/$(UNLOCALIZED_RESOURCES_FOLDER_PATH)/GoogleService-Info.plist",
				"$(TARGET_BUILD_DIR)/$(EXECUTABLE_PATH)",
				"${DWARF_DSYM_FOLDER_PATH}/${DWARF_DSYM_FILE_NAME}/Contents/Resources/DWARF/${PRODUCT_NAME}.debug.dylib",
			);
			outputFileListPaths = (
			);
			outputPaths = (
			);
			runOnlyForDeploymentPostprocessing = 0;
			shellPath = /bin/sh;
			shellScript = "# Type a script or drag a script file from your workspace to insert its path.\n\"${BUILD_DIR%/Build/*}/SourcePackages/checkouts/firebase-ios-sdk/Crashlytics/run\"\n";
		};
/* End PBXShellScriptBuildPhase section */

/* Begin PBXSourcesBuildPhase section */
		4ED02FE92BFA9B650077214E /* Sources */ = {
			isa = PBXSourcesBuildPhase;
			buildActionMask = 2147483647;
			files = (
				4ED030202BFA9F860077214E /* CameraPhotoView.swift in Sources */,
				4ED030072BFA9C830077214E /* DetailedFoodEntryScreen.swift in Sources */,
				4ED030152BFA9CBA0077214E /* SwiftDataManager.swift in Sources */,
				4ED030172BFA9CC20077214E /* UserProfile.swift in Sources */,
				9F07AFFD2DDD15080009B7B0 /* HeaderSection.swift in Sources */,
				4ED0300B2BFA9C950077214E /* FoodJournalViewModel.swift in Sources */,
				8354331C2DDF792600B284DF /* UserModel.swift in Sources */,
				4ED0301A2BFA9F050077214E /* FoodEntry.swift in Sources */,
				4ED0301E2BFA9F780077214E /* CameraViewModel.swift in Sources */,
				4ED02FF32BFA9B650077214E /* TabBarView.swift in Sources */,
				9F07AFFA2DDD0A370009B7B0 /* SignUpScreen.swift in Sources */,
				4ED02FFF2BFA9C540077214E /* AIAnalyticsScreen.swift in Sources */,
				4ED030112BFA9CAC0077214E /* ProfileScreen.swift in Sources */,
				4ED030222BFA9FBD0077214E /* ImageHelper.swift in Sources */,
				4ED02FF12BFA9B650077214E /* FlavorVistaApp.swift in Sources */,
				4ED0301C2BFA9F580077214E /* CameraPreview.swift in Sources */,
				9F07B03F2DDD19220009B7B0 /* SignUpViewModel.swift in Sources */,
				4ED030242BFA9FE40077214E /* CameraScreen.swift in Sources */,
				4ED030052BFA9C790077214E /* ChatViewModel.swift in Sources */,
				4ED0300D2BFA9C9D0077214E /* NutriExpertScreen.swift in Sources */,
				4ED030132BFA9CB30077214E /* ProfileViewModel.swift in Sources */,
				4ED030092BFA9C8D0077214E /* FoodJournalScreen.swift in Sources */,
				4ED030012BFA9C620077214E /* AIAnalyticsViewModel.swift in Sources */,
			);
			runOnlyForDeploymentPostprocessing = 0;
		};
/* End PBXSourcesBuildPhase section */

/* Begin XCBuildConfiguration section */
		4ED02FF92BFA9B670077214E /* Debug */ = {
			isa = XCBuildConfiguration;
			buildSettings = {
				ALWAYS_SEARCH_USER_PATHS = NO;
				ASSETCATALOG_COMPILER_GENERATE_SWIFT_ASSET_SYMBOL_EXTENSIONS = YES;
				CLANG_ANALYZER_NONNULL = YES;
				CLANG_ANALYZER_NUMBER_OBJECT_CONVERSION = YES_AGGRESSIVE;
				CLANG_CXX_LANGUAGE_STANDARD = "gnu++20";
				CLANG_ENABLE_MODULES = YES;
				CLANG_ENABLE_OBJC_ARC = YES;
				CLANG_ENABLE_OBJC_WEAK = YES;
				CLANG_WARN_BLOCK_CAPTURE_AUTORELEASING = YES;
				CLANG_WARN_BOOL_CONVERSION = YES;
				CLANG_WARN_COMMA = YES;
				CLANG_WARN_CONSTANT_CONVERSION = YES;
				CLANG_WARN_DEPRECATED_OBJC_IMPLEMENTATIONS = YES;
				CLANG_WARN_DIRECT_OBJC_ISA_USAGE = YES_ERROR;
				CLANG_WARN_DOCUMENTATION_COMMENTS = YES;
				CLANG_WARN_EMPTY_BODY = YES;
				CLANG_WARN_ENUM_CONVERSION = YES;
				CLANG_WARN_INFINITE_RECURSION = YES;
				CLANG_WARN_INT_CONVERSION = YES;
				CLANG_WARN_NON_LITERAL_NULL_CONVERSION = YES;
				CLANG_WARN_OBJC_IMPLICIT_RETAIN_SELF = YES;
				CLANG_WARN_OBJC_LITERAL_CONVERSION = YES;
				CLANG_WARN_OBJC_ROOT_CLASS = YES_ERROR;
				CLANG_WARN_QUOTED_INCLUDE_IN_FRAMEWORK_HEADER = YES;
				CLANG_WARN_RANGE_LOOP_ANALYSIS = YES;
				CLANG_WARN_STRICT_PROTOTYPES = YES;
				CLANG_WARN_SUSPICIOUS_MOVE = YES;
				CLANG_WARN_UNGUARDED_AVAILABILITY = YES_AGGRESSIVE;
				CLANG_WARN_UNREACHABLE_CODE = YES;
				CLANG_WARN__DUPLICATE_METHOD_MATCH = YES;
				COPY_PHASE_STRIP = NO;
				DEBUG_INFORMATION_FORMAT = dwarf;
				DEVELOPMENT_TEAM = P5SSQXSSU5;
				ENABLE_STRICT_OBJC_MSGSEND = YES;
				ENABLE_TESTABILITY = YES;
				ENABLE_USER_SCRIPT_SANDBOXING = YES;
				GCC_C_LANGUAGE_STANDARD = gnu17;
				GCC_DYNAMIC_NO_PIC = NO;
				GCC_NO_COMMON_BLOCKS = YES;
				GCC_OPTIMIZATION_LEVEL = 0;
				GCC_PREPROCESSOR_DEFINITIONS = (
					"DEBUG=1",
					"$(inherited)",
				);
				GCC_WARN_64_TO_32_BIT_CONVERSION = YES;
				GCC_WARN_ABOUT_RETURN_TYPE = YES_ERROR;
				GCC_WARN_UNDECLARED_SELECTOR = YES;
				GCC_WARN_UNINITIALIZED_AUTOS = YES_AGGRESSIVE;
				GCC_WARN_UNUSED_FUNCTION = YES;
				GCC_WARN_UNUSED_VARIABLE = YES;
				IPHONEOS_DEPLOYMENT_TARGET = 17.0;
				LOCALIZATION_PREFERS_STRING_CATALOGS = YES;
				MTL_ENABLE_DEBUG_INFO = INCLUDE_SOURCE;
				MTL_FAST_MATH = YES;
				ONLY_ACTIVE_ARCH = YES;
				SDKROOT = iphoneos;
				SWIFT_ACTIVE_COMPILATION_CONDITIONS = "DEBUG $(inherited)";
				SWIFT_OPTIMIZATION_LEVEL = "-Onone";
			};
			name = Debug;
		};
		4ED02FFA2BFA9B670077214E /* Release */ = {
			isa = XCBuildConfiguration;
			buildSettings = {
				ALWAYS_SEARCH_USER_PATHS = NO;
				ASSETCATALOG_COMPILER_GENERATE_SWIFT_ASSET_SYMBOL_EXTENSIONS = YES;
				CLANG_ANALYZER_NONNULL = YES;
				CLANG_ANALYZER_NUMBER_OBJECT_CONVERSION = YES_AGGRESSIVE;
				CLANG_CXX_LANGUAGE_STANDARD = "gnu++20";
				CLANG_ENABLE_MODULES = YES;
				CLANG_ENABLE_OBJC_ARC = YES;
				CLANG_ENABLE_OBJC_WEAK = YES;
				CLANG_WARN_BLOCK_CAPTURE_AUTORELEASING = YES;
				CLANG_WARN_BOOL_CONVERSION = YES;
				CLANG_WARN_COMMA = YES;
				CLANG_WARN_CONSTANT_CONVERSION = YES;
				CLANG_WARN_DEPRECATED_OBJC_IMPLEMENTATIONS = YES;
				CLANG_WARN_DIRECT_OBJC_ISA_USAGE = YES_ERROR;
				CLANG_WARN_DOCUMENTATION_COMMENTS = YES;
				CLANG_WARN_EMPTY_BODY = YES;
				CLANG_WARN_ENUM_CONVERSION = YES;
				CLANG_WARN_INFINITE_RECURSION = YES;
				CLANG_WARN_INT_CONVERSION = YES;
				CLANG_WARN_NON_LITERAL_NULL_CONVERSION = YES;
				CLANG_WARN_OBJC_IMPLICIT_RETAIN_SELF = YES;
				CLANG_WARN_OBJC_LITERAL_CONVERSION = YES;
				CLANG_WARN_OBJC_ROOT_CLASS = YES_ERROR;
				CLANG_WARN_QUOTED_INCLUDE_IN_FRAMEWORK_HEADER = YES;
				CLANG_WARN_RANGE_LOOP_ANALYSIS = YES;
				CLANG_WARN_STRICT_PROTOTYPES = YES;
				CLANG_WARN_SUSPICIOUS_MOVE = YES;
				CLANG_WARN_UNGUARDED_AVAILABILITY = YES_AGGRESSIVE;
				CLANG_WARN_UNREACHABLE_CODE = YES;
				CLANG_WARN__DUPLICATE_METHOD_MATCH = YES;
				COPY_PHASE_STRIP = NO;
				DEBUG_INFORMATION_FORMAT = "dwarf-with-dsym";
				DEVELOPMENT_TEAM = P5SSQXSSU5;
				ENABLE_NS_ASSERTIONS = NO;
				ENABLE_STRICT_OBJC_MSGSEND = YES;
				ENABLE_USER_SCRIPT_SANDBOXING = YES;
				GCC_C_LANGUAGE_STANDARD = gnu17;
				GCC_NO_COMMON_BLOCKS = YES;
				GCC_WARN_64_TO_32_BIT_CONVERSION = YES;
				GCC_WARN_ABOUT_RETURN_TYPE = YES_ERROR;
				GCC_WARN_UNDECLARED_SELECTOR = YES;
				GCC_WARN_UNINITIALIZED_AUTOS = YES_AGGRESSIVE;
				GCC_WARN_UNUSED_FUNCTION = YES;
				GCC_WARN_UNUSED_VARIABLE = YES;
				IPHONEOS_DEPLOYMENT_TARGET = 17.0;
				LOCALIZATION_PREFERS_STRING_CATALOGS = YES;
				MTL_ENABLE_DEBUG_INFO = NO;
				MTL_FAST_MATH = YES;
				SDKROOT = iphoneos;
				SWIFT_COMPILATION_MODE = wholemodule;
				VALIDATE_PRODUCT = YES;
			};
			name = Release;
		};
		4ED02FFC2BFA9B670077214E /* Debug */ = {
			isa = XCBuildConfiguration;
			buildSettings = {
				ASSETCATALOG_COMPILER_APPICON_NAME = AppIcon;
				ASSETCATALOG_COMPILER_GLOBAL_ACCENT_COLOR_NAME = AccentColor;
				CODE_SIGN_STYLE = Automatic;
				CURRENT_PROJECT_VERSION = 5;
				DEBUG_INFORMATION_FORMAT = "dwarf-with-dsym";
				DEVELOPMENT_ASSET_PATHS = "\"FlavorVista/Preview Content\"";
				ENABLE_PREVIEWS = YES;
				GENERATE_INFOPLIST_FILE = YES;
				INFOPLIST_FILE = FlavorVista/Info.plist;
				INFOPLIST_KEY_CFBundleDisplayName = "FlavorVista AI";
				INFOPLIST_KEY_LSApplicationCategoryType = "public.app-category.healthcare-fitness";
				INFOPLIST_KEY_NSCameraUsageDescription = "The app captures photo to log meals in food journal. ";
				INFOPLIST_KEY_NSPhotoLibraryUsageDescription = "The app saves your logged meals to photo library. ";
				INFOPLIST_KEY_UIApplicationSceneManifest_Generation = YES;
				INFOPLIST_KEY_UIApplicationSupportsIndirectInputEvents = YES;
				INFOPLIST_KEY_UILaunchScreen_Generation = YES;
				INFOPLIST_KEY_UISupportedInterfaceOrientations = UIInterfaceOrientationPortrait;
				INFOPLIST_KEY_UISupportedInterfaceOrientations_iPad = "UIInterfaceOrientationLandscapeLeft UIInterfaceOrientationLandscapeRight UIInterfaceOrientationPortrait UIInterfaceOrientationPortraitUpsideDown";
				IPHONEOS_DEPLOYMENT_TARGET = 17;
				LD_RUNPATH_SEARCH_PATHS = (
					"$(inherited)",
					"@executable_path/Frameworks",
				);
				MARKETING_VERSION = 1.0.5;
				OTHER_LDFLAGS = "-ObjC";
				PRODUCT_BUNDLE_IDENTIFIER = com.example.FlavorVista;
				PRODUCT_NAME = "$(TARGET_NAME)";
				SUPPORTED_PLATFORMS = "iphoneos iphonesimulator";
				SUPPORTS_MACCATALYST = NO;
				SUPPORTS_XR_DESIGNED_FOR_IPHONE_IPAD = NO;
				SWIFT_EMIT_LOC_STRINGS = YES;
				SWIFT_VERSION = 5.0;
				TARGETED_DEVICE_FAMILY = 1;
			};
			name = Debug;
		};
		4ED02FFD2BFA9B670077214E /* Release */ = {
			isa = XCBuildConfiguration;
			buildSettings = {
				ASSETCATALOG_COMPILER_APPICON_NAME = AppIcon;
				ASSETCATALOG_COMPILER_GLOBAL_ACCENT_COLOR_NAME = AccentColor;
				CODE_SIGN_STYLE = Automatic;
				CURRENT_PROJECT_VERSION = 5;
				DEBUG_INFORMATION_FORMAT = "dwarf-with-dsym";
				DEVELOPMENT_ASSET_PATHS = "\"FlavorVista/Preview Content\"";
				ENABLE_PREVIEWS = YES;
				GENERATE_INFOPLIST_FILE = YES;
				INFOPLIST_FILE = FlavorVista/Info.plist;
				INFOPLIST_KEY_CFBundleDisplayName = "FlavorVista AI";
				INFOPLIST_KEY_LSApplicationCategoryType = "public.app-category.healthcare-fitness";
				INFOPLIST_KEY_NSCameraUsageDescription = "The app captures photo to log meals in food journal. ";
				INFOPLIST_KEY_NSPhotoLibraryUsageDescription = "The app saves your logged meals to photo library. ";
				INFOPLIST_KEY_UIApplicationSceneManifest_Generation = YES;
				INFOPLIST_KEY_UIApplicationSupportsIndirectInputEvents = YES;
				INFOPLIST_KEY_UILaunchScreen_Generation = YES;
				INFOPLIST_KEY_UISupportedInterfaceOrientations = UIInterfaceOrientationPortrait;
				INFOPLIST_KEY_UISupportedInterfaceOrientations_iPad = "UIInterfaceOrientationLandscapeLeft UIInterfaceOrientationLandscapeRight UIInterfaceOrientationPortrait UIInterfaceOrientationPortraitUpsideDown";
				IPHONEOS_DEPLOYMENT_TARGET = 17;
				LD_RUNPATH_SEARCH_PATHS = (
					"$(inherited)",
					"@executable_path/Frameworks",
				);
				MARKETING_VERSION = 1.0.5;
				OTHER_LDFLAGS = "-ObjC";
				PRODUCT_BUNDLE_IDENTIFIER = com.example.FlavorVista;
				PRODUCT_NAME = "$(TARGET_NAME)";
				SUPPORTED_PLATFORMS = "iphoneos iphonesimulator";
				SUPPORTS_MACCATALYST = NO;
				SUPPORTS_XR_DESIGNED_FOR_IPHONE_IPAD = NO;
				SWIFT_EMIT_LOC_STRINGS = YES;
				SWIFT_VERSION = 5.0;
				TARGETED_DEVICE_FAMILY = 1;
			};
			name = Release;
		};
/* End XCBuildConfiguration section */

/* Begin XCConfigurationList section */
		4ED02FE82BFA9B650077214E /* Build configuration list for PBXProject "FlavorVista" */ = {
			isa = XCConfigurationList;
			buildConfigurations = (
				4ED02FF92BFA9B670077214E /* Debug */,
				4ED02FFA2BFA9B670077214E /* Release */,
			);
			defaultConfigurationIsVisible = 0;
			defaultConfigurationName = Release;
		};
		4ED02FFB2BFA9B670077214E /* Build configuration list for PBXNativeTarget "FlavorVista" */ = {
			isa = XCConfigurationList;
			buildConfigurations = (
				4ED02FFC2BFA9B670077214E /* Debug */,
				4ED02FFD2BFA9B670077214E /* Release */,
			);
			defaultConfigurationIsVisible = 0;
			defaultConfigurationName = Release;
		};
/* End XCConfigurationList section */

/* Begin XCRemoteSwiftPackageReference section */
		4E14877A2C83542900B32D5F /* XCRemoteSwiftPackageReference "firebase-ios-sdk" */ = {
			isa = XCRemoteSwiftPackageReference;
			repositoryURL = "https://github.com/firebase/firebase-ios-sdk.git";
			requirement = {
				kind = upToNextMajorVersion;
				minimumVersion = 11.1.0;
			};
		};
/* End XCRemoteSwiftPackageReference section */

/* Begin XCSwiftPackageProductDependency section */
		4E14877B2C83542A00B32D5F /* FirebaseAnalytics */ = {
			isa = XCSwiftPackageProductDependency;
			package = 4E14877A2C83542900B32D5F /* XCRemoteSwiftPackageReference "firebase-ios-sdk" */;
			productName = FirebaseAnalytics;
		};
		4E14877D2C83542A00B32D5F /* FirebaseRemoteConfig */ = {
			isa = XCSwiftPackageProductDependency;
			package = 4E14877A2C83542900B32D5F /* XCRemoteSwiftPackageReference "firebase-ios-sdk" */;
			productName = FirebaseRemoteConfig;
		};
		9FD58B052DDD1ACA009114F2 /* FirebaseAnalyticsOnDeviceConversion */ = {
			isa = XCSwiftPackageProductDependency;
			productName = FirebaseAnalyticsOnDeviceConversion;
		};
		9FD58B072DDD1ACA009114F2 /* FirebaseAnalyticsWithoutAdIdSupport */ = {
			isa = XCSwiftPackageProductDependency;
			productName = FirebaseAnalyticsWithoutAdIdSupport;
		};
		9FD58B092DDD1ACA009114F2 /* FirebaseAppCheck */ = {
			isa = XCSwiftPackageProductDependency;
			productName = FirebaseAppCheck;
		};
		9FD58B0B2DDD1ACA009114F2 /* FirebaseAppDistribution-Beta */ = {
			isa = XCSwiftPackageProductDependency;
			productName = "FirebaseAppDistribution-Beta";
		};
		9FD58B0D2DDD1ACA009114F2 /* FirebaseAuth */ = {
			isa = XCSwiftPackageProductDependency;
			productName = FirebaseAuth;
		};
		9FD58B0F2DDD1ACA009114F2 /* FirebaseAuthCombine-Community */ = {
			isa = XCSwiftPackageProductDependency;
			productName = "FirebaseAuthCombine-Community";
		};
		9FD58B112DDD1ACA009114F2 /* FirebaseCrashlytics */ = {
			isa = XCSwiftPackageProductDependency;
			productName = FirebaseCrashlytics;
		};
		9FD58B132DDD1ACA009114F2 /* FirebaseDatabase */ = {
			isa = XCSwiftPackageProductDependency;
			productName = FirebaseDatabase;
		};
		9FD58B152DDD1ACA009114F2 /* FirebaseDynamicLinks */ = {
			isa = XCSwiftPackageProductDependency;
			productName = FirebaseDynamicLinks;
		};
		9FD58B172DDD1ACA009114F2 /* FirebaseFirestore */ = {
			isa = XCSwiftPackageProductDependency;
			productName = FirebaseFirestore;
		};
		9FD58B192DDD1ACA009114F2 /* FirebaseFirestoreCombine-Community */ = {
			isa = XCSwiftPackageProductDependency;
			productName = "FirebaseFirestoreCombine-Community";
		};
		9FD58B1B2DDD1ACA009114F2 /* FirebaseFunctions */ = {
			isa = XCSwiftPackageProductDependency;
			productName = FirebaseFunctions;
		};
		9FD58B1D2DDD1ACA009114F2 /* FirebaseFunctionsCombine-Community */ = {
			isa = XCSwiftPackageProductDependency;
			productName = "FirebaseFunctionsCombine-Community";
		};
		9FD58B1F2DDD1ACA009114F2 /* FirebaseInAppMessaging-Beta */ = {
			isa = XCSwiftPackageProductDependency;
			productName = "FirebaseInAppMessaging-Beta";
		};
		9FD58B212DDD1ACA009114F2 /* FirebaseInstallations */ = {
			isa = XCSwiftPackageProductDependency;
			productName = FirebaseInstallations;
		};
		9FD58B232DDD1ACA009114F2 /* FirebaseMLModelDownloader */ = {
			isa = XCSwiftPackageProductDependency;
			productName = FirebaseMLModelDownloader;
		};
		9FD58B252DDD1ACA009114F2 /* FirebaseMessaging */ = {
			isa = XCSwiftPackageProductDependency;
			productName = FirebaseMessaging;
		};
		9FD58B272DDD1ACA009114F2 /* FirebasePerformance */ = {
			isa = XCSwiftPackageProductDependency;
			productName = FirebasePerformance;
		};
		9FD58B292DDD1ACA009114F2 /* FirebaseStorage */ = {
			isa = XCSwiftPackageProductDependency;
			productName = FirebaseStorage;
		};
		9FD58B2B2DDD1ACA009114F2 /* FirebaseStorageCombine-Community */ = {
			isa = XCSwiftPackageProductDependency;
			productName = "FirebaseStorageCombine-Community";
		};
		9FD58B2D2DDD1ACA009114F2 /* FirebaseVertexAI-Preview */ = {
			isa = XCSwiftPackageProductDependency;
			productName = "FirebaseVertexAI-Preview";
		};
/* End XCSwiftPackageProductDependency section */
	};
	rootObject = 4ED02FE52BFA9B650077214E /* Project object */;
}
